
Microsoft Visual Studio Solution File, Format Version 12.00
# Visual Studio Version 17
VisualStudioVersion = 17.7.34009.444
MinimumVisualStudioVersion = 10.0.40219.1
Project("{8BC9CEB8-8B4A-11D0-8D11-00A0C91BC942}") = "DirectX_practice", "DirectX_practice\DirectX_practice.vcxproj", "{5B98CD2A-ED4A-460E-B1E5-00A32171D1EA}"
EndProject
Global
	GlobalSection(SolutionConfigurationPlatforms) = preSolution
		Debug|x64 = Debug|x64
		Debug|x86 = Debug|x86
		Release|x64 = Release|x64
		Release|x86 = Release|x86
	EndGlobalSection
	GlobalSection(ProjectConfigurationPlatforms) = postSolution
		{5B98CD2A-ED4A-460E-B1E5-00A32171D1EA}.Debug|x64.ActiveCfg = Debug|x64
		{5B98CD2A-ED4A-460E-B1E5-00A32171D1EA}.Debug|x64.Build.0 = Debug|x64
		{5B98CD2A-ED4A-460E-B1E5-00A32171D1EA}.Debug|x86.ActiveCfg = Debug|Win32
		{5B98CD2A-ED4A-460E-B1E5-00A32171D1EA}.Debug|x86.Build.0 = Debug|Win32
		{5B98CD2A-ED4A-460E-B1E5-00A32171D1EA}.Release|x64.ActiveCfg = Release|x64
		{5B98CD2A-ED4A-460E-B1E5-00A32171D1EA}.Release|x64.Build.0 = Release|x64
		{5B98CD2A-ED4A-460E-B1E5-00A32171D1EA}.Release|x86.ActiveCfg = Release|Win32
		{5B98CD2A-ED4A-460E-B1E5-00A32171D1EA}.Release|x86.Build.0 = Release|Win32
	EndGlobalSection
	GlobalSection(SolutionProperties) = preSolution
		HideSolutionNode = FALSE
	EndGlobalSection
	GlobalSection(ExtensibilityGlobals) = postSolution
		SolutionGuid = {18FA5DAA-1A18-42EB-9419-0DCA1FAAD942}
	EndGlobalSection
EndGlobal
